
Microsoft Visual Studio Solution File, Format Version 12.00
# Visual Studio Version 16
VisualStudioVersion = 16.0.31205.134
MinimumVisualStudioVersion = 10.0.40219.1
Project("{9A19103F-16F7-4668-BE54-9A1E7A4F7556}") = "eTicketsAPI", "eTicketsAPI\eTicketsAPI.csproj", "{94E0A2EC-877A-4020-A106-93831D33AF27}"
EndProject
Project("{FAE04EC0-301F-11D3-BF4B-00C04F79EFBC}") = "eTickets.WinUI", "eTickets.WinUI\eTickets.WinUI.csproj", "{C859C6B7-10AC-41E0-9B9C-CAFC719463FF}"
EndProject
Project("{9A19103F-16F7-4668-BE54-9A1E7A4F7556}") = "eTickets.Model", "eTickets.Model\eTickets.Model.csproj", "{0F08A8B9-F5B5-4C9B-A899-ECC4A95E4EE0}"
EndProject
Project("{2150E333-8FDC-42A3-9474-1A3956D46DE8}") = "eTickets.Mobile", "eTickets.Mobile", "{0F9659D8-324E-4429-86E5-FD8DA1C548A0}"
EndProject
Project("{FAE04EC0-301F-11D3-BF4B-00C04F79EFBC}") = "eTickets.MobileApp.UWP", "eTickets.MobileApp\eTickets.MobileApp.UWP\eTickets.MobileApp.UWP.csproj", "{9C80138E-E88F-43F8-B097-47C3249CA6EA}"
EndProject
Project("{FAE04EC0-301F-11D3-BF4B-00C04F79EFBC}") = "eTickets.MobileApp.Android", "eTickets.MobileApp\eTickets.MobileApp.Android\eTickets.MobileApp.Android.csproj", "{47171F49-E40A-4E2E-8E2E-1C0C4FB9D7F5}"
EndProject
Project("{FAE04EC0-301F-11D3-BF4B-00C04F79EFBC}") = "eTickets.MobileApp.iOS", "eTickets.MobileApp\eTickets.MobileApp.iOS\eTickets.MobileApp.iOS.csproj", "{952EC654-7215-4B0F-BC77-FF701AD96020}"
EndProject
Project("{FAE04EC0-301F-11D3-BF4B-00C04F79EFBC}") = "eTickets.MobileApp", "eTickets.MobileApp\eTickets.MobileApp\eTickets.MobileApp.csproj", "{CB8EDDB0-D5D0-4EA8-8067-F9E634D4023B}"
EndProject
Global
	GlobalSection(SolutionConfigurationPlatforms) = preSolution
		Debug|Any CPU = Debug|Any CPU
		Debug|ARM = Debug|ARM
		Debug|iPhone = Debug|iPhone
		Debug|iPhoneSimulator = Debug|iPhoneSimulator
		Debug|x64 = Debug|x64
		Debug|x86 = Debug|x86
		Release|Any CPU = Release|Any CPU
		Release|ARM = Release|ARM
		Release|iPhone = Release|iPhone
		Release|iPhoneSimulator = Release|iPhoneSimulator
		Release|x64 = Release|x64
		Release|x86 = Release|x86
	EndGlobalSection
	GlobalSection(ProjectConfigurationPlatforms) = postSolution
		{94E0A2EC-877A-4020-A106-93831D33AF27}.Debug|Any CPU.ActiveCfg = Debug|Any CPU
		{94E0A2EC-877A-4020-A106-93831D33AF27}.Debug|Any CPU.Build.0 = Debug|Any CPU
		{94E0A2EC-877A-4020-A106-93831D33AF27}.Debug|ARM.ActiveCfg = Debug|Any CPU
		{94E0A2EC-877A-4020-A106-93831D33AF27}.Debug|ARM.Build.0 = Debug|Any CPU
		{94E0A2EC-877A-4020-A106-93831D33AF27}.Debug|iPhone.ActiveCfg = Debug|Any CPU
		{94E0A2EC-877A-4020-A106-93831D33AF27}.Debug|iPhone.Build.0 = Debug|Any CPU
		{94E0A2EC-877A-4020-A106-93831D33AF27}.Debug|iPhoneSimulator.ActiveCfg = Debug|Any CPU
		{94E0A2EC-877A-4020-A106-93831D33AF27}.Debug|iPhoneSimulator.Build.0 = Debug|Any CPU
		{94E0A2EC-877A-4020-A106-93831D33AF27}.Debug|x64.ActiveCfg = Debug|Any CPU
		{94E0A2EC-877A-4020-A106-93831D33AF27}.Debug|x64.Build.0 = Debug|Any CPU
		{94E0A2EC-877A-4020-A106-93831D33AF27}.Debug|x86.ActiveCfg = Debug|Any CPU
		{94E0A2EC-877A-4020-A106-93831D33AF27}.Debug|x86.Build.0 = Debug|Any CPU
		{94E0A2EC-877A-4020-A106-93831D33AF27}.Release|Any CPU.ActiveCfg = Release|Any CPU
		{94E0A2EC-877A-4020-A106-93831D33AF27}.Release|Any CPU.Build.0 = Release|Any CPU
		{94E0A2EC-877A-4020-A106-93831D33AF27}.Release|ARM.ActiveCfg = Release|Any CPU
		{94E0A2EC-877A-4020-A106-93831D33AF27}.Release|ARM.Build.0 = Release|Any CPU
		{94E0A2EC-877A-4020-A106-93831D33AF27}.Release|iPhone.ActiveCfg = Release|Any CPU
		{94E0A2EC-877A-4020-A106-93831D33AF27}.Release|iPhone.Build.0 = Release|Any CPU
		{94E0A2EC-877A-4020-A106-93831D33AF27}.Release|iPhoneSimulator.ActiveCfg = Release|Any CPU
		{94E0A2EC-877A-4020-A106-93831D33AF27}.Release|iPhoneSimulator.Build.0 = Release|Any CPU
		{94E0A2EC-877A-4020-A106-93831D33AF27}.Release|x64.ActiveCfg = Release|Any CPU
		{94E0A2EC-877A-4020-A106-93831D33AF27}.Release|x64.Build.0 = Release|Any CPU
		{94E0A2EC-877A-4020-A106-93831D33AF27}.Release|x86.ActiveCfg = Release|Any CPU
		{94E0A2EC-877A-4020-A106-93831D33AF27}.Release|x86.Build.0 = Release|Any CPU
		{C859C6B7-10AC-41E0-9B9C-CAFC719463FF}.Debug|Any CPU.ActiveCfg = Debug|Any CPU
		{C859C6B7-10AC-41E0-9B9C-CAFC719463FF}.Debug|Any CPU.Build.0 = Debug|Any CPU
		{C859C6B7-10AC-41E0-9B9C-CAFC719463FF}.Debug|ARM.ActiveCfg = Debug|Any CPU
		{C859C6B7-10AC-41E0-9B9C-CAFC719463FF}.Debug|ARM.Build.0 = Debug|Any CPU
		{C859C6B7-10AC-41E0-9B9C-CAFC719463FF}.Debug|iPhone.ActiveCfg = Debug|Any CPU
		{C859C6B7-10AC-41E0-9B9C-CAFC719463FF}.Debug|iPhone.Build.0 = Debug|Any CPU
		{C859C6B7-10AC-41E0-9B9C-CAFC719463FF}.Debug|iPhoneSimulator.ActiveCfg = Debug|Any CPU
		{C859C6B7-10AC-41E0-9B9C-CAFC719463FF}.Debug|iPhoneSimulator.Build.0 = Debug|Any CPU
		{C859C6B7-10AC-41E0-9B9C-CAFC719463FF}.Debug|x64.ActiveCfg = Debug|Any CPU
		{C859C6B7-10AC-41E0-9B9C-CAFC719463FF}.Debug|x64.Build.0 = Debug|Any CPU
		{C859C6B7-10AC-41E0-9B9C-CAFC719463FF}.Debug|x86.ActiveCfg = Debug|Any CPU
		{C859C6B7-10AC-41E0-9B9C-CAFC719463FF}.Debug|x86.Build.0 = Debug|Any CPU
		{C859C6B7-10AC-41E0-9B9C-CAFC719463FF}.Release|Any CPU.ActiveCfg = Release|Any CPU
		{C859C6B7-10AC-41E0-9B9C-CAFC719463FF}.Release|Any CPU.Build.0 = Release|Any CPU
		{C859C6B7-10AC-41E0-9B9C-CAFC719463FF}.Release|ARM.ActiveCfg = Release|Any CPU
		{C859C6B7-10AC-41E0-9B9C-CAFC719463FF}.Release|ARM.Build.0 = Release|Any CPU
		{C859C6B7-10AC-41E0-9B9C-CAFC719463FF}.Release|iPhone.ActiveCfg = Release|Any CPU
		{C859C6B7-10AC-41E0-9B9C-CAFC719463FF}.Release|iPhone.Build.0 = Release|Any CPU
		{C859C6B7-10AC-41E0-9B9C-CAFC719463FF}.Release|iPhoneSimulator.ActiveCfg = Release|Any CPU
		{C859C6B7-10AC-41E0-9B9C-CAFC719463FF}.Release|iPhoneSimulator.Build.0 = Release|Any CPU
		{C859C6B7-10AC-41E0-9B9C-CAFC719463FF}.Release|x64.ActiveCfg = Release|Any CPU
		{C859C6B7-10AC-41E0-9B9C-CAFC719463FF}.Release|x64.Build.0 = Release|Any CPU
		{C859C6B7-10AC-41E0-9B9C-CAFC719463FF}.Release|x86.ActiveCfg = Release|Any CPU
		{C859C6B7-10AC-41E0-9B9C-CAFC719463FF}.Release|x86.Build.0 = Release|Any CPU
		{0F08A8B9-F5B5-4C9B-A899-ECC4A95E4EE0}.Debug|Any CPU.ActiveCfg = Debug|Any CPU
		{0F08A8B9-F5B5-4C9B-A899-ECC4A95E4EE0}.Debug|Any CPU.Build.0 = Debug|Any CPU
		{0F08A8B9-F5B5-4C9B-A899-ECC4A95E4EE0}.Debug|ARM.ActiveCfg = Debug|Any CPU
		{0F08A8B9-F5B5-4C9B-A899-ECC4A95E4EE0}.Debug|ARM.Build.0 = Debug|Any CPU
		{0F08A8B9-F5B5-4C9B-A899-ECC4A95E4EE0}.Debug|iPhone.ActiveCfg = Debug|Any CPU
		{0F08A8B9-F5B5-4C9B-A899-ECC4A95E4EE0}.Debug|iPhone.Build.0 = Debug|Any CPU
		{0F08A8B9-F5B5-4C9B-A899-ECC4A95E4EE0}.Debug|iPhoneSimulator.ActiveCfg = Debug|Any CPU
		{0F08A8B9-F5B5-4C9B-A899-ECC4A95E4EE0}.Debug|iPhoneSimulator.Build.0 = Debug|Any CPU
		{0F08A8B9-F5B5-4C9B-A899-ECC4A95E4EE0}.Debug|x64.ActiveCfg = Debug|Any CPU
		{0F08A8B9-F5B5-4C9B-A899-ECC4A95E4EE0}.Debug|x64.Build.0 = Debug|Any CPU
		{0F08A8B9-F5B5-4C9B-A899-ECC4A95E4EE0}.Debug|x86.ActiveCfg = Debug|Any CPU
		{0F08A8B9-F5B5-4C9B-A899-ECC4A95E4EE0}.Debug|x86.Build.0 = Debug|Any CPU
		{0F08A8B9-F5B5-4C9B-A899-ECC4A95E4EE0}.Release|Any CPU.ActiveCfg = Release|Any CPU
		{0F08A8B9-F5B5-4C9B-A899-ECC4A95E4EE0}.Release|Any CPU.Build.0 = Release|Any CPU
		{0F08A8B9-F5B5-4C9B-A899-ECC4A95E4EE0}.Release|ARM.ActiveCfg = Release|Any CPU
		{0F08A8B9-F5B5-4C9B-A899-ECC4A95E4EE0}.Release|ARM.Build.0 = Release|Any CPU
		{0F08A8B9-F5B5-4C9B-A899-ECC4A95E4EE0}.Release|iPhone.ActiveCfg = Release|Any CPU
		{0F08A8B9-F5B5-4C9B-A899-ECC4A95E4EE0}.Release|iPhone.Build.0 = Release|Any CPU
		{0F08A8B9-F5B5-4C9B-A899-ECC4A95E4EE0}.Release|iPhoneSimulator.ActiveCfg = Release|Any CPU
		{0F08A8B9-F5B5-4C9B-A899-ECC4A95E4EE0}.Release|iPhoneSimulator.Build.0 = Release|Any CPU
		{0F08A8B9-F5B5-4C9B-A899-ECC4A95E4EE0}.Release|x64.ActiveCfg = Release|Any CPU
		{0F08A8B9-F5B5-4C9B-A899-ECC4A95E4EE0}.Release|x64.Build.0 = Release|Any CPU
		{0F08A8B9-F5B5-4C9B-A899-ECC4A95E4EE0}.Release|x86.ActiveCfg = Release|Any CPU
		{0F08A8B9-F5B5-4C9B-A899-ECC4A95E4EE0}.Release|x86.Build.0 = Release|Any CPU
		{9C80138E-E88F-43F8-B097-47C3249CA6EA}.Debug|Any CPU.ActiveCfg = Debug|x86
		{9C80138E-E88F-43F8-B097-47C3249CA6EA}.Debug|Any CPU.Build.0 = Debug|x86
		{9C80138E-E88F-43F8-B097-47C3249CA6EA}.Debug|Any CPU.Deploy.0 = Debug|x86
		{9C80138E-E88F-43F8-B097-47C3249CA6EA}.Debug|ARM.ActiveCfg = Debug|ARM
		{9C80138E-E88F-43F8-B097-47C3249CA6EA}.Debug|ARM.Build.0 = Debug|ARM
		{9C80138E-E88F-43F8-B097-47C3249CA6EA}.Debug|ARM.Deploy.0 = Debug|ARM
		{9C80138E-E88F-43F8-B097-47C3249CA6EA}.Debug|iPhone.ActiveCfg = Debug|x86
		{9C80138E-E88F-43F8-B097-47C3249CA6EA}.Debug|iPhoneSimulator.ActiveCfg = Debug|x86
		{9C80138E-E88F-43F8-B097-47C3249CA6EA}.Debug|x64.ActiveCfg = Debug|x64
		{9C80138E-E88F-43F8-B097-47C3249CA6EA}.Debug|x64.Build.0 = Debug|x64
		{9C80138E-E88F-43F8-B097-47C3249CA6EA}.Debug|x64.Deploy.0 = Debug|x64
		{9C80138E-E88F-43F8-B097-47C3249CA6EA}.Debug|x86.ActiveCfg = Debug|x86
		{9C80138E-E88F-43F8-B097-47C3249CA6EA}.Debug|x86.Build.0 = Debug|x86
		{9C80138E-E88F-43F8-B097-47C3249CA6EA}.Debug|x86.Deploy.0 = Debug|x86
		{9C80138E-E88F-43F8-B097-47C3249CA6EA}.Release|Any CPU.ActiveCfg = Release|x86
		{9C80138E-E88F-43F8-B097-47C3249CA6EA}.Release|ARM.ActiveCfg = Release|ARM
		{9C80138E-E88F-43F8-B097-47C3249CA6EA}.Release|ARM.Build.0 = Release|ARM
		{9C80138E-E88F-43F8-B097-47C3249CA6EA}.Release|ARM.Deploy.0 = Release|ARM
		{9C80138E-E88F-43F8-B097-47C3249CA6EA}.Release|iPhone.ActiveCfg = Release|x86
		{9C80138E-E88F-43F8-B097-47C3249CA6EA}.Release|iPhoneSimulator.ActiveCfg = Release|x86
		{9C80138E-E88F-43F8-B097-47C3249CA6EA}.Release|x64.ActiveCfg = Release|x64
		{9C80138E-E88F-43F8-B097-47C3249CA6EA}.Release|x64.Build.0 = Release|x64
		{9C80138E-E88F-43F8-B097-47C3249CA6EA}.Release|x64.Deploy.0 = Release|x64
		{9C80138E-E88F-43F8-B097-47C3249CA6EA}.Release|x86.ActiveCfg = Release|x86
		{9C80138E-E88F-43F8-B097-47C3249CA6EA}.Release|x86.Build.0 = Release|x86
		{9C80138E-E88F-43F8-B097-47C3249CA6EA}.Release|x86.Deploy.0 = Release|x86
		{47171F49-E40A-4E2E-8E2E-1C0C4FB9D7F5}.Debug|Any CPU.ActiveCfg = Debug|Any CPU
		{47171F49-E40A-4E2E-8E2E-1C0C4FB9D7F5}.Debug|ARM.ActiveCfg = Debug|Any CPU
		{47171F49-E40A-4E2E-8E2E-1C0C4FB9D7F5}.Debug|ARM.Build.0 = Debug|Any CPU
		{47171F49-E40A-4E2E-8E2E-1C0C4FB9D7F5}.Debug|ARM.Deploy.0 = Debug|Any CPU
		{47171F49-E40A-4E2E-8E2E-1C0C4FB9D7F5}.Debug|iPhone.ActiveCfg = Debug|Any CPU
		{47171F49-E40A-4E2E-8E2E-1C0C4FB9D7F5}.Debug|iPhone.Build.0 = Debug|Any CPU
		{47171F49-E40A-4E2E-8E2E-1C0C4FB9D7F5}.Debug|iPhone.Deploy.0 = Debug|Any CPU
		{47171F49-E40A-4E2E-8E2E-1C0C4FB9D7F5}.Debug|iPhoneSimulator.ActiveCfg = Debug|Any CPU
		{47171F49-E40A-4E2E-8E2E-1C0C4FB9D7F5}.Debug|iPhoneSimulator.Build.0 = Debug|Any CPU
		{47171F49-E40A-4E2E-8E2E-1C0C4FB9D7F5}.Debug|iPhoneSimulator.Deploy.0 = Debug|Any CPU
		{47171F49-E40A-4E2E-8E2E-1C0C4FB9D7F5}.Debug|x64.ActiveCfg = Debug|Any CPU
		{47171F49-E40A-4E2E-8E2E-1C0C4FB9D7F5}.Debug|x64.Build.0 = Debug|Any CPU
		{47171F49-E40A-4E2E-8E2E-1C0C4FB9D7F5}.Debug|x64.Deploy.0 = Debug|Any CPU
		{47171F49-E40A-4E2E-8E2E-1C0C4FB9D7F5}.Debug|x86.ActiveCfg = Debug|Any CPU
		{47171F49-E40A-4E2E-8E2E-1C0C4FB9D7F5}.Debug|x86.Build.0 = Debug|Any CPU
		{47171F49-E40A-4E2E-8E2E-1C0C4FB9D7F5}.Debug|x86.Deploy.0 = Debug|Any CPU
		{47171F49-E40A-4E2E-8E2E-1C0C4FB9D7F5}.Release|Any CPU.ActiveCfg = Release|Any CPU
		{47171F49-E40A-4E2E-8E2E-1C0C4FB9D7F5}.Release|Any CPU.Build.0 = Release|Any CPU
		{47171F49-E40A-4E2E-8E2E-1C0C4FB9D7F5}.Release|Any CPU.Deploy.0 = Release|Any CPU
		{47171F49-E40A-4E2E-8E2E-1C0C4FB9D7F5}.Release|ARM.ActiveCfg = Release|Any CPU
		{47171F49-E40A-4E2E-8E2E-1C0C4FB9D7F5}.Release|ARM.Build.0 = Release|Any CPU
		{47171F49-E40A-4E2E-8E2E-1C0C4FB9D7F5}.Release|ARM.Deploy.0 = Release|Any CPU
		{47171F49-E40A-4E2E-8E2E-1C0C4FB9D7F5}.Release|iPhone.ActiveCfg = Release|Any CPU
		{47171F49-E40A-4E2E-8E2E-1C0C4FB9D7F5}.Release|iPhone.Build.0 = Release|Any CPU
		{47171F49-E40A-4E2E-8E2E-1C0C4FB9D7F5}.Release|iPhone.Deploy.0 = Release|Any CPU
		{47171F49-E40A-4E2E-8E2E-1C0C4FB9D7F5}.Release|iPhoneSimulator.ActiveCfg = Release|Any CPU
		{47171F49-E40A-4E2E-8E2E-1C0C4FB9D7F5}.Release|iPhoneSimulator.Build.0 = Release|Any CPU
		{47171F49-E40A-4E2E-8E2E-1C0C4FB9D7F5}.Release|iPhoneSimulator.Deploy.0 = Release|Any CPU
		{47171F49-E40A-4E2E-8E2E-1C0C4FB9D7F5}.Release|x64.ActiveCfg = Release|Any CPU
		{47171F49-E40A-4E2E-8E2E-1C0C4FB9D7F5}.Release|x64.Build.0 = Release|Any CPU
		{47171F49-E40A-4E2E-8E2E-1C0C4FB9D7F5}.Release|x64.Deploy.0 = Release|Any CPU
		{47171F49-E40A-4E2E-8E2E-1C0C4FB9D7F5}.Release|x86.ActiveCfg = Release|Any CPU
		{47171F49-E40A-4E2E-8E2E-1C0C4FB9D7F5}.Release|x86.Build.0 = Release|Any CPU
		{47171F49-E40A-4E2E-8E2E-1C0C4FB9D7F5}.Release|x86.Deploy.0 = Release|Any CPU
		{952EC654-7215-4B0F-BC77-FF701AD96020}.Debug|Any CPU.ActiveCfg = Debug|iPhoneSimulator
		{952EC654-7215-4B0F-BC77-FF701AD96020}.Debug|ARM.ActiveCfg = Debug|iPhoneSimulator
		{952EC654-7215-4B0F-BC77-FF701AD96020}.Debug|iPhone.ActiveCfg = Debug|iPhone
		{952EC654-7215-4B0F-BC77-FF701AD96020}.Debug|iPhone.Build.0 = Debug|iPhone
		{952EC654-7215-4B0F-BC77-FF701AD96020}.Debug|iPhoneSimulator.ActiveCfg = Debug|iPhoneSimulator
		{952EC654-7215-4B0F-BC77-FF701AD96020}.Debug|iPhoneSimulator.Build.0 = Debug|iPhoneSimulator
		{952EC654-7215-4B0F-BC77-FF701AD96020}.Debug|x64.ActiveCfg = Debug|iPhoneSimulator
		{952EC654-7215-4B0F-BC77-FF701AD96020}.Debug|x86.ActiveCfg = Debug|iPhoneSimulator
		{952EC654-7215-4B0F-BC77-FF701AD96020}.Release|Any CPU.ActiveCfg = Release|iPhoneSimulator
		{952EC654-7215-4B0F-BC77-FF701AD96020}.Release|ARM.ActiveCfg = Release|iPhoneSimulator
		{952EC654-7215-4B0F-BC77-FF701AD96020}.Release|iPhone.ActiveCfg = Release|iPhone
		{952EC654-7215-4B0F-BC77-FF701AD96020}.Release|iPhone.Build.0 = Release|iPhone
		{952EC654-7215-4B0F-BC77-FF701AD96020}.Release|iPhoneSimulator.ActiveCfg = Release|iPhoneSimulator
		{952EC654-7215-4B0F-BC77-FF701AD96020}.Release|iPhoneSimulator.Build.0 = Release|iPhoneSimulator
		{952EC654-7215-4B0F-BC77-FF701AD96020}.Release|x64.ActiveCfg = Release|iPhoneSimulator
		{952EC654-7215-4B0F-BC77-FF701AD96020}.Release|x86.ActiveCfg = Release|iPhoneSimulator
		{CB8EDDB0-D5D0-4EA8-8067-F9E634D4023B}.Debug|Any CPU.ActiveCfg = Debug|Any CPU
		{CB8EDDB0-D5D0-4EA8-8067-F9E634D4023B}.Debug|Any CPU.Build.0 = Debug|Any CPU
		{CB8EDDB0-D5D0-4EA8-8067-F9E634D4023B}.Debug|ARM.ActiveCfg = Debug|Any CPU
		{CB8EDDB0-D5D0-4EA8-8067-F9E634D4023B}.Debug|ARM.Build.0 = Debug|Any CPU
		{CB8EDDB0-D5D0-4EA8-8067-F9E634D4023B}.Debug|iPhone.ActiveCfg = Debug|Any CPU
		{CB8EDDB0-D5D0-4EA8-8067-F9E634D4023B}.Debug|iPhone.Build.0 = Debug|Any CPU
		{CB8EDDB0-D5D0-4EA8-8067-F9E634D4023B}.Debug|iPhoneSimulator.ActiveCfg = Debug|Any CPU
		{CB8EDDB0-D5D0-4EA8-8067-F9E634D4023B}.Debug|iPhoneSimulator.Build.0 = Debug|Any CPU
		{CB8EDDB0-D5D0-4EA8-8067-F9E634D4023B}.Debug|x64.ActiveCfg = Debug|Any CPU
		{CB8EDDB0-D5D0-4EA8-8067-F9E634D4023B}.Debug|x64.Build.0 = Debug|Any CPU
		{CB8EDDB0-D5D0-4EA8-8067-F9E634D4023B}.Debug|x86.ActiveCfg = Debug|Any CPU
		{CB8EDDB0-D5D0-4EA8-8067-F9E634D4023B}.Debug|x86.Build.0 = Debug|Any CPU
		{CB8EDDB0-D5D0-4EA8-8067-F9E634D4023B}.Release|Any CPU.ActiveCfg = Release|Any CPU
		{CB8EDDB0-D5D0-4EA8-8067-F9E634D4023B}.Release|Any CPU.Build.0 = Release|Any CPU
		{CB8EDDB0-D5D0-4EA8-8067-F9E634D4023B}.Release|ARM.ActiveCfg = Release|Any CPU
		{CB8EDDB0-D5D0-4EA8-8067-F9E634D4023B}.Release|ARM.Build.0 = Release|Any CPU
		{CB8EDDB0-D5D0-4EA8-8067-F9E634D4023B}.Release|iPhone.ActiveCfg = Release|Any CPU
		{CB8EDDB0-D5D0-4EA8-8067-F9E634D4023B}.Release|iPhone.Build.0 = Release|Any CPU
		{CB8EDDB0-D5D0-4EA8-8067-F9E634D4023B}.Release|iPhoneSimulator.ActiveCfg = Release|Any CPU
		{CB8EDDB0-D5D0-4EA8-8067-F9E634D4023B}.Release|iPhoneSimulator.Build.0 = Release|Any CPU
		{CB8EDDB0-D5D0-4EA8-8067-F9E634D4023B}.Release|x64.ActiveCfg = Release|Any CPU
		{CB8EDDB0-D5D0-4EA8-8067-F9E634D4023B}.Release|x64.Build.0 = Release|Any CPU
		{CB8EDDB0-D5D0-4EA8-8067-F9E634D4023B}.Release|x86.ActiveCfg = Release|Any CPU
		{CB8EDDB0-D5D0-4EA8-8067-F9E634D4023B}.Release|x86.Build.0 = Release|Any CPU
	EndGlobalSection
	GlobalSection(SolutionProperties) = preSolution
		HideSolutionNode = FALSE
	EndGlobalSection
	GlobalSection(NestedProjects) = preSolution
		{9C80138E-E88F-43F8-B097-47C3249CA6EA} = {0F9659D8-324E-4429-86E5-FD8DA1C548A0}
		{47171F49-E40A-4E2E-8E2E-1C0C4FB9D7F5} = {0F9659D8-324E-4429-86E5-FD8DA1C548A0}
		{952EC654-7215-4B0F-BC77-FF701AD96020} = {0F9659D8-324E-4429-86E5-FD8DA1C548A0}
		{CB8EDDB0-D5D0-4EA8-8067-F9E634D4023B} = {0F9659D8-324E-4429-86E5-FD8DA1C548A0}
	EndGlobalSection
	GlobalSection(ExtensibilityGlobals) = postSolution
		SolutionGuid = {187D6F18-8F63-4EB3-9299-B90D087557AB}
	EndGlobalSection
EndGlobal
