
Microsoft Visual Studio Solution File, Format Version 12.00
# Visual Studio Version 16
VisualStudioVersion = 16.0.31205.134
MinimumVisualStudioVersion = 10.0.40219.1
Project("{9A19103F-16F7-4668-BE54-9A1E7A4F7556}") = "eTicketsAPI", "eTicketsAPI\eTicketsAPI.csproj", "{94E0A2EC-877A-4020-A106-93831D33AF27}"
EndProject
Project("{FAE04EC0-301F-11D3-BF4B-00C04F79EFBC}") = "eTickets.WinUI", "eTickets.WinUI\eTickets.WinUI.csproj", "{C859C6B7-10AC-41E0-9B9C-CAFC719463FF}"
EndProject
Project("{9A19103F-16F7-4668-BE54-9A1E7A4F7556}") = "eTickets.Model", "eTickets.Model\eTickets.Model.csproj", "{0F08A8B9-F5B5-4C9B-A899-ECC4A95E4EE0}"
EndProject
Project("{2150E333-8FDC-42A3-9474-1A3956D46DE8}") = "eTickets.Mobile", "eTickets.Mobile", "{2BB8AAF4-4BC7-4CF7-AB03-33E381489CB6}"
EndProject
Project("{FAE04EC0-301F-11D3-BF4B-00C04F79EFBC}") = "eTicketsMobileApp.UWP", "eTicketsMobileApp\eTicketsMobileApp.UWP\eTicketsMobileApp.UWP.csproj", "{51A7F617-1446-451D-9F20-1813B538BF74}"
EndProject
Project("{FAE04EC0-301F-11D3-BF4B-00C04F79EFBC}") = "eTicketsMobileApp.Android", "eTicketsMobileApp\eTicketsMobileApp.Android\eTicketsMobileApp.Android.csproj", "{2212C00F-5FF6-45EF-B6E0-AEE7F5A64406}"
EndProject
Project("{FAE04EC0-301F-11D3-BF4B-00C04F79EFBC}") = "eTicketsMobileApp.iOS", "eTicketsMobileApp\eTicketsMobileApp.iOS\eTicketsMobileApp.iOS.csproj", "{DF869FD1-E855-47AD-90E9-877D06CE71D1}"
EndProject
Project("{FAE04EC0-301F-11D3-BF4B-00C04F79EFBC}") = "eTicketsMobileApp", "eTicketsMobileApp\eTicketsMobileApp\eTicketsMobileApp.csproj", "{2069B109-F036-4CEB-8503-847FB7FAC913}"
EndProject
Global
	GlobalSection(SolutionConfigurationPlatforms) = preSolution
		Debug|Any CPU = Debug|Any CPU
		Debug|ARM = Debug|ARM
		Debug|iPhone = Debug|iPhone
		Debug|iPhoneSimulator = Debug|iPhoneSimulator
		Debug|x64 = Debug|x64
		Debug|x86 = Debug|x86
		Release|Any CPU = Release|Any CPU
		Release|ARM = Release|ARM
		Release|iPhone = Release|iPhone
		Release|iPhoneSimulator = Release|iPhoneSimulator
		Release|x64 = Release|x64
		Release|x86 = Release|x86
	EndGlobalSection
	GlobalSection(ProjectConfigurationPlatforms) = postSolution
		{94E0A2EC-877A-4020-A106-93831D33AF27}.Debug|Any CPU.ActiveCfg = Debug|Any CPU
		{94E0A2EC-877A-4020-A106-93831D33AF27}.Debug|Any CPU.Build.0 = Debug|Any CPU
		{94E0A2EC-877A-4020-A106-93831D33AF27}.Debug|ARM.ActiveCfg = Debug|Any CPU
		{94E0A2EC-877A-4020-A106-93831D33AF27}.Debug|ARM.Build.0 = Debug|Any CPU
		{94E0A2EC-877A-4020-A106-93831D33AF27}.Debug|iPhone.ActiveCfg = Debug|Any CPU
		{94E0A2EC-877A-4020-A106-93831D33AF27}.Debug|iPhone.Build.0 = Debug|Any CPU
		{94E0A2EC-877A-4020-A106-93831D33AF27}.Debug|iPhoneSimulator.ActiveCfg = Debug|Any CPU
		{94E0A2EC-877A-4020-A106-93831D33AF27}.Debug|iPhoneSimulator.Build.0 = Debug|Any CPU
		{94E0A2EC-877A-4020-A106-93831D33AF27}.Debug|x64.ActiveCfg = Debug|Any CPU
		{94E0A2EC-877A-4020-A106-93831D33AF27}.Debug|x64.Build.0 = Debug|Any CPU
		{94E0A2EC-877A-4020-A106-93831D33AF27}.Debug|x86.ActiveCfg = Debug|Any CPU
		{94E0A2EC-877A-4020-A106-93831D33AF27}.Debug|x86.Build.0 = Debug|Any CPU
		{94E0A2EC-877A-4020-A106-93831D33AF27}.Release|Any CPU.ActiveCfg = Release|Any CPU
		{94E0A2EC-877A-4020-A106-93831D33AF27}.Release|Any CPU.Build.0 = Release|Any CPU
		{94E0A2EC-877A-4020-A106-93831D33AF27}.Release|ARM.ActiveCfg = Release|Any CPU
		{94E0A2EC-877A-4020-A106-93831D33AF27}.Release|ARM.Build.0 = Release|Any CPU
		{94E0A2EC-877A-4020-A106-93831D33AF27}.Release|iPhone.ActiveCfg = Release|Any CPU
		{94E0A2EC-877A-4020-A106-93831D33AF27}.Release|iPhone.Build.0 = Release|Any CPU
		{94E0A2EC-877A-4020-A106-93831D33AF27}.Release|iPhoneSimulator.ActiveCfg = Release|Any CPU
		{94E0A2EC-877A-4020-A106-93831D33AF27}.Release|iPhoneSimulator.Build.0 = Release|Any CPU
		{94E0A2EC-877A-4020-A106-93831D33AF27}.Release|x64.ActiveCfg = Release|Any CPU
		{94E0A2EC-877A-4020-A106-93831D33AF27}.Release|x64.Build.0 = Release|Any CPU
		{94E0A2EC-877A-4020-A106-93831D33AF27}.Release|x86.ActiveCfg = Release|Any CPU
		{94E0A2EC-877A-4020-A106-93831D33AF27}.Release|x86.Build.0 = Release|Any CPU
		{C859C6B7-10AC-41E0-9B9C-CAFC719463FF}.Debug|Any CPU.ActiveCfg = Debug|Any CPU
		{C859C6B7-10AC-41E0-9B9C-CAFC719463FF}.Debug|Any CPU.Build.0 = Debug|Any CPU
		{C859C6B7-10AC-41E0-9B9C-CAFC719463FF}.Debug|ARM.ActiveCfg = Debug|Any CPU
		{C859C6B7-10AC-41E0-9B9C-CAFC719463FF}.Debug|ARM.Build.0 = Debug|Any CPU
		{C859C6B7-10AC-41E0-9B9C-CAFC719463FF}.Debug|iPhone.ActiveCfg = Debug|Any CPU
		{C859C6B7-10AC-41E0-9B9C-CAFC719463FF}.Debug|iPhone.Build.0 = Debug|Any CPU
		{C859C6B7-10AC-41E0-9B9C-CAFC719463FF}.Debug|iPhoneSimulator.ActiveCfg = Debug|Any CPU
		{C859C6B7-10AC-41E0-9B9C-CAFC719463FF}.Debug|iPhoneSimulator.Build.0 = Debug|Any CPU
		{C859C6B7-10AC-41E0-9B9C-CAFC719463FF}.Debug|x64.ActiveCfg = Debug|Any CPU
		{C859C6B7-10AC-41E0-9B9C-CAFC719463FF}.Debug|x64.Build.0 = Debug|Any CPU
		{C859C6B7-10AC-41E0-9B9C-CAFC719463FF}.Debug|x86.ActiveCfg = Debug|Any CPU
		{C859C6B7-10AC-41E0-9B9C-CAFC719463FF}.Debug|x86.Build.0 = Debug|Any CPU
		{C859C6B7-10AC-41E0-9B9C-CAFC719463FF}.Release|Any CPU.ActiveCfg = Release|Any CPU
		{C859C6B7-10AC-41E0-9B9C-CAFC719463FF}.Release|Any CPU.Build.0 = Release|Any CPU
		{C859C6B7-10AC-41E0-9B9C-CAFC719463FF}.Release|ARM.ActiveCfg = Release|Any CPU
		{C859C6B7-10AC-41E0-9B9C-CAFC719463FF}.Release|ARM.Build.0 = Release|Any CPU
		{C859C6B7-10AC-41E0-9B9C-CAFC719463FF}.Release|iPhone.ActiveCfg = Release|Any CPU
		{C859C6B7-10AC-41E0-9B9C-CAFC719463FF}.Release|iPhone.Build.0 = Release|Any CPU
		{C859C6B7-10AC-41E0-9B9C-CAFC719463FF}.Release|iPhoneSimulator.ActiveCfg = Release|Any CPU
		{C859C6B7-10AC-41E0-9B9C-CAFC719463FF}.Release|iPhoneSimulator.Build.0 = Release|Any CPU
		{C859C6B7-10AC-41E0-9B9C-CAFC719463FF}.Release|x64.ActiveCfg = Release|Any CPU
		{C859C6B7-10AC-41E0-9B9C-CAFC719463FF}.Release|x64.Build.0 = Release|Any CPU
		{C859C6B7-10AC-41E0-9B9C-CAFC719463FF}.Release|x86.ActiveCfg = Release|Any CPU
		{C859C6B7-10AC-41E0-9B9C-CAFC719463FF}.Release|x86.Build.0 = Release|Any CPU
		{0F08A8B9-F5B5-4C9B-A899-ECC4A95E4EE0}.Debug|Any CPU.ActiveCfg = Debug|Any CPU
		{0F08A8B9-F5B5-4C9B-A899-ECC4A95E4EE0}.Debug|Any CPU.Build.0 = Debug|Any CPU
		{0F08A8B9-F5B5-4C9B-A899-ECC4A95E4EE0}.Debug|ARM.ActiveCfg = Debug|Any CPU
		{0F08A8B9-F5B5-4C9B-A899-ECC4A95E4EE0}.Debug|ARM.Build.0 = Debug|Any CPU
		{0F08A8B9-F5B5-4C9B-A899-ECC4A95E4EE0}.Debug|iPhone.ActiveCfg = Debug|Any CPU
		{0F08A8B9-F5B5-4C9B-A899-ECC4A95E4EE0}.Debug|iPhone.Build.0 = Debug|Any CPU
		{0F08A8B9-F5B5-4C9B-A899-ECC4A95E4EE0}.Debug|iPhoneSimulator.ActiveCfg = Debug|Any CPU
		{0F08A8B9-F5B5-4C9B-A899-ECC4A95E4EE0}.Debug|iPhoneSimulator.Build.0 = Debug|Any CPU
		{0F08A8B9-F5B5-4C9B-A899-ECC4A95E4EE0}.Debug|x64.ActiveCfg = Debug|Any CPU
		{0F08A8B9-F5B5-4C9B-A899-ECC4A95E4EE0}.Debug|x64.Build.0 = Debug|Any CPU
		{0F08A8B9-F5B5-4C9B-A899-ECC4A95E4EE0}.Debug|x86.ActiveCfg = Debug|Any CPU
		{0F08A8B9-F5B5-4C9B-A899-ECC4A95E4EE0}.Debug|x86.Build.0 = Debug|Any CPU
		{0F08A8B9-F5B5-4C9B-A899-ECC4A95E4EE0}.Release|Any CPU.ActiveCfg = Release|Any CPU
		{0F08A8B9-F5B5-4C9B-A899-ECC4A95E4EE0}.Release|Any CPU.Build.0 = Release|Any CPU
		{0F08A8B9-F5B5-4C9B-A899-ECC4A95E4EE0}.Release|ARM.ActiveCfg = Release|Any CPU
		{0F08A8B9-F5B5-4C9B-A899-ECC4A95E4EE0}.Release|ARM.Build.0 = Release|Any CPU
		{0F08A8B9-F5B5-4C9B-A899-ECC4A95E4EE0}.Release|iPhone.ActiveCfg = Release|Any CPU
		{0F08A8B9-F5B5-4C9B-A899-ECC4A95E4EE0}.Release|iPhone.Build.0 = Release|Any CPU
		{0F08A8B9-F5B5-4C9B-A899-ECC4A95E4EE0}.Release|iPhoneSimulator.ActiveCfg = Release|Any CPU
		{0F08A8B9-F5B5-4C9B-A899-ECC4A95E4EE0}.Release|iPhoneSimulator.Build.0 = Release|Any CPU
		{0F08A8B9-F5B5-4C9B-A899-ECC4A95E4EE0}.Release|x64.ActiveCfg = Release|Any CPU
		{0F08A8B9-F5B5-4C9B-A899-ECC4A95E4EE0}.Release|x64.Build.0 = Release|Any CPU
		{0F08A8B9-F5B5-4C9B-A899-ECC4A95E4EE0}.Release|x86.ActiveCfg = Release|Any CPU
		{0F08A8B9-F5B5-4C9B-A899-ECC4A95E4EE0}.Release|x86.Build.0 = Release|Any CPU
		{51A7F617-1446-451D-9F20-1813B538BF74}.Debug|Any CPU.ActiveCfg = Debug|x86
		{51A7F617-1446-451D-9F20-1813B538BF74}.Debug|ARM.ActiveCfg = Debug|ARM
		{51A7F617-1446-451D-9F20-1813B538BF74}.Debug|ARM.Build.0 = Debug|ARM
		{51A7F617-1446-451D-9F20-1813B538BF74}.Debug|ARM.Deploy.0 = Debug|ARM
		{51A7F617-1446-451D-9F20-1813B538BF74}.Debug|iPhone.ActiveCfg = Debug|x86
		{51A7F617-1446-451D-9F20-1813B538BF74}.Debug|iPhoneSimulator.ActiveCfg = Debug|x86
		{51A7F617-1446-451D-9F20-1813B538BF74}.Debug|x64.ActiveCfg = Debug|x64
		{51A7F617-1446-451D-9F20-1813B538BF74}.Debug|x64.Build.0 = Debug|x64
		{51A7F617-1446-451D-9F20-1813B538BF74}.Debug|x64.Deploy.0 = Debug|x64
		{51A7F617-1446-451D-9F20-1813B538BF74}.Debug|x86.ActiveCfg = Debug|x86
		{51A7F617-1446-451D-9F20-1813B538BF74}.Debug|x86.Build.0 = Debug|x86
		{51A7F617-1446-451D-9F20-1813B538BF74}.Debug|x86.Deploy.0 = Debug|x86
		{51A7F617-1446-451D-9F20-1813B538BF74}.Release|Any CPU.ActiveCfg = Release|x86
		{51A7F617-1446-451D-9F20-1813B538BF74}.Release|ARM.ActiveCfg = Release|ARM
		{51A7F617-1446-451D-9F20-1813B538BF74}.Release|ARM.Build.0 = Release|ARM
		{51A7F617-1446-451D-9F20-1813B538BF74}.Release|ARM.Deploy.0 = Release|ARM
		{51A7F617-1446-451D-9F20-1813B538BF74}.Release|iPhone.ActiveCfg = Release|x86
		{51A7F617-1446-451D-9F20-1813B538BF74}.Release|iPhoneSimulator.ActiveCfg = Release|x86
		{51A7F617-1446-451D-9F20-1813B538BF74}.Release|x64.ActiveCfg = Release|x64
		{51A7F617-1446-451D-9F20-1813B538BF74}.Release|x64.Build.0 = Release|x64
		{51A7F617-1446-451D-9F20-1813B538BF74}.Release|x64.Deploy.0 = Release|x64
		{51A7F617-1446-451D-9F20-1813B538BF74}.Release|x86.ActiveCfg = Release|x86
		{51A7F617-1446-451D-9F20-1813B538BF74}.Release|x86.Build.0 = Release|x86
		{51A7F617-1446-451D-9F20-1813B538BF74}.Release|x86.Deploy.0 = Release|x86
		{2212C00F-5FF6-45EF-B6E0-AEE7F5A64406}.Debug|Any CPU.ActiveCfg = Debug|Any CPU
		{2212C00F-5FF6-45EF-B6E0-AEE7F5A64406}.Debug|Any CPU.Build.0 = Debug|Any CPU
		{2212C00F-5FF6-45EF-B6E0-AEE7F5A64406}.Debug|Any CPU.Deploy.0 = Debug|Any CPU
		{2212C00F-5FF6-45EF-B6E0-AEE7F5A64406}.Debug|ARM.ActiveCfg = Debug|Any CPU
		{2212C00F-5FF6-45EF-B6E0-AEE7F5A64406}.Debug|ARM.Build.0 = Debug|Any CPU
		{2212C00F-5FF6-45EF-B6E0-AEE7F5A64406}.Debug|ARM.Deploy.0 = Debug|Any CPU
		{2212C00F-5FF6-45EF-B6E0-AEE7F5A64406}.Debug|iPhone.ActiveCfg = Debug|Any CPU
		{2212C00F-5FF6-45EF-B6E0-AEE7F5A64406}.Debug|iPhone.Build.0 = Debug|Any CPU
		{2212C00F-5FF6-45EF-B6E0-AEE7F5A64406}.Debug|iPhone.Deploy.0 = Debug|Any CPU
		{2212C00F-5FF6-45EF-B6E0-AEE7F5A64406}.Debug|iPhoneSimulator.ActiveCfg = Debug|Any CPU
		{2212C00F-5FF6-45EF-B6E0-AEE7F5A64406}.Debug|iPhoneSimulator.Build.0 = Debug|Any CPU
		{2212C00F-5FF6-45EF-B6E0-AEE7F5A64406}.Debug|iPhoneSimulator.Deploy.0 = Debug|Any CPU
		{2212C00F-5FF6-45EF-B6E0-AEE7F5A64406}.Debug|x64.ActiveCfg = Debug|Any CPU
		{2212C00F-5FF6-45EF-B6E0-AEE7F5A64406}.Debug|x64.Build.0 = Debug|Any CPU
		{2212C00F-5FF6-45EF-B6E0-AEE7F5A64406}.Debug|x64.Deploy.0 = Debug|Any CPU
		{2212C00F-5FF6-45EF-B6E0-AEE7F5A64406}.Debug|x86.ActiveCfg = Debug|Any CPU
		{2212C00F-5FF6-45EF-B6E0-AEE7F5A64406}.Debug|x86.Build.0 = Debug|Any CPU
		{2212C00F-5FF6-45EF-B6E0-AEE7F5A64406}.Debug|x86.Deploy.0 = Debug|Any CPU
		{2212C00F-5FF6-45EF-B6E0-AEE7F5A64406}.Release|Any CPU.ActiveCfg = Release|Any CPU
		{2212C00F-5FF6-45EF-B6E0-AEE7F5A64406}.Release|Any CPU.Build.0 = Release|Any CPU
		{2212C00F-5FF6-45EF-B6E0-AEE7F5A64406}.Release|Any CPU.Deploy.0 = Release|Any CPU
		{2212C00F-5FF6-45EF-B6E0-AEE7F5A64406}.Release|ARM.ActiveCfg = Release|Any CPU
		{2212C00F-5FF6-45EF-B6E0-AEE7F5A64406}.Release|ARM.Build.0 = Release|Any CPU
		{2212C00F-5FF6-45EF-B6E0-AEE7F5A64406}.Release|ARM.Deploy.0 = Release|Any CPU
		{2212C00F-5FF6-45EF-B6E0-AEE7F5A64406}.Release|iPhone.ActiveCfg = Release|Any CPU
		{2212C00F-5FF6-45EF-B6E0-AEE7F5A64406}.Release|iPhone.Build.0 = Release|Any CPU
		{2212C00F-5FF6-45EF-B6E0-AEE7F5A64406}.Release|iPhone.Deploy.0 = Release|Any CPU
		{2212C00F-5FF6-45EF-B6E0-AEE7F5A64406}.Release|iPhoneSimulator.ActiveCfg = Release|Any CPU
		{2212C00F-5FF6-45EF-B6E0-AEE7F5A64406}.Release|iPhoneSimulator.Build.0 = Release|Any CPU
		{2212C00F-5FF6-45EF-B6E0-AEE7F5A64406}.Release|iPhoneSimulator.Deploy.0 = Release|Any CPU
		{2212C00F-5FF6-45EF-B6E0-AEE7F5A64406}.Release|x64.ActiveCfg = Release|Any CPU
		{2212C00F-5FF6-45EF-B6E0-AEE7F5A64406}.Release|x64.Build.0 = Release|Any CPU
		{2212C00F-5FF6-45EF-B6E0-AEE7F5A64406}.Release|x64.Deploy.0 = Release|Any CPU
		{2212C00F-5FF6-45EF-B6E0-AEE7F5A64406}.Release|x86.ActiveCfg = Release|Any CPU
		{2212C00F-5FF6-45EF-B6E0-AEE7F5A64406}.Release|x86.Build.0 = Release|Any CPU
		{2212C00F-5FF6-45EF-B6E0-AEE7F5A64406}.Release|x86.Deploy.0 = Release|Any CPU
		{DF869FD1-E855-47AD-90E9-877D06CE71D1}.Debug|Any CPU.ActiveCfg = Debug|iPhoneSimulator
		{DF869FD1-E855-47AD-90E9-877D06CE71D1}.Debug|ARM.ActiveCfg = Debug|iPhoneSimulator
		{DF869FD1-E855-47AD-90E9-877D06CE71D1}.Debug|iPhone.ActiveCfg = Debug|iPhone
		{DF869FD1-E855-47AD-90E9-877D06CE71D1}.Debug|iPhone.Build.0 = Debug|iPhone
		{DF869FD1-E855-47AD-90E9-877D06CE71D1}.Debug|iPhoneSimulator.ActiveCfg = Debug|iPhoneSimulator
		{DF869FD1-E855-47AD-90E9-877D06CE71D1}.Debug|iPhoneSimulator.Build.0 = Debug|iPhoneSimulator
		{DF869FD1-E855-47AD-90E9-877D06CE71D1}.Debug|x64.ActiveCfg = Debug|iPhoneSimulator
		{DF869FD1-E855-47AD-90E9-877D06CE71D1}.Debug|x86.ActiveCfg = Debug|iPhoneSimulator
		{DF869FD1-E855-47AD-90E9-877D06CE71D1}.Release|Any CPU.ActiveCfg = Release|iPhoneSimulator
		{DF869FD1-E855-47AD-90E9-877D06CE71D1}.Release|ARM.ActiveCfg = Release|iPhoneSimulator
		{DF869FD1-E855-47AD-90E9-877D06CE71D1}.Release|iPhone.ActiveCfg = Release|iPhone
		{DF869FD1-E855-47AD-90E9-877D06CE71D1}.Release|iPhone.Build.0 = Release|iPhone
		{DF869FD1-E855-47AD-90E9-877D06CE71D1}.Release|iPhoneSimulator.ActiveCfg = Release|iPhoneSimulator
		{DF869FD1-E855-47AD-90E9-877D06CE71D1}.Release|iPhoneSimulator.Build.0 = Release|iPhoneSimulator
		{DF869FD1-E855-47AD-90E9-877D06CE71D1}.Release|x64.ActiveCfg = Release|iPhoneSimulator
		{DF869FD1-E855-47AD-90E9-877D06CE71D1}.Release|x86.ActiveCfg = Release|iPhoneSimulator
		{2069B109-F036-4CEB-8503-847FB7FAC913}.Debug|Any CPU.ActiveCfg = Debug|Any CPU
		{2069B109-F036-4CEB-8503-847FB7FAC913}.Debug|Any CPU.Build.0 = Debug|Any CPU
		{2069B109-F036-4CEB-8503-847FB7FAC913}.Debug|ARM.ActiveCfg = Debug|Any CPU
		{2069B109-F036-4CEB-8503-847FB7FAC913}.Debug|ARM.Build.0 = Debug|Any CPU
		{2069B109-F036-4CEB-8503-847FB7FAC913}.Debug|iPhone.ActiveCfg = Debug|Any CPU
		{2069B109-F036-4CEB-8503-847FB7FAC913}.Debug|iPhone.Build.0 = Debug|Any CPU
		{2069B109-F036-4CEB-8503-847FB7FAC913}.Debug|iPhoneSimulator.ActiveCfg = Debug|Any CPU
		{2069B109-F036-4CEB-8503-847FB7FAC913}.Debug|iPhoneSimulator.Build.0 = Debug|Any CPU
		{2069B109-F036-4CEB-8503-847FB7FAC913}.Debug|x64.ActiveCfg = Debug|Any CPU
		{2069B109-F036-4CEB-8503-847FB7FAC913}.Debug|x64.Build.0 = Debug|Any CPU
		{2069B109-F036-4CEB-8503-847FB7FAC913}.Debug|x86.ActiveCfg = Debug|Any CPU
		{2069B109-F036-4CEB-8503-847FB7FAC913}.Debug|x86.Build.0 = Debug|Any CPU
		{2069B109-F036-4CEB-8503-847FB7FAC913}.Release|Any CPU.ActiveCfg = Release|Any CPU
		{2069B109-F036-4CEB-8503-847FB7FAC913}.Release|Any CPU.Build.0 = Release|Any CPU
		{2069B109-F036-4CEB-8503-847FB7FAC913}.Release|ARM.ActiveCfg = Release|Any CPU
		{2069B109-F036-4CEB-8503-847FB7FAC913}.Release|ARM.Build.0 = Release|Any CPU
		{2069B109-F036-4CEB-8503-847FB7FAC913}.Release|iPhone.ActiveCfg = Release|Any CPU
		{2069B109-F036-4CEB-8503-847FB7FAC913}.Release|iPhone.Build.0 = Release|Any CPU
		{2069B109-F036-4CEB-8503-847FB7FAC913}.Release|iPhoneSimulator.ActiveCfg = Release|Any CPU
		{2069B109-F036-4CEB-8503-847FB7FAC913}.Release|iPhoneSimulator.Build.0 = Release|Any CPU
		{2069B109-F036-4CEB-8503-847FB7FAC913}.Release|x64.ActiveCfg = Release|Any CPU
		{2069B109-F036-4CEB-8503-847FB7FAC913}.Release|x64.Build.0 = Release|Any CPU
		{2069B109-F036-4CEB-8503-847FB7FAC913}.Release|x86.ActiveCfg = Release|Any CPU
		{2069B109-F036-4CEB-8503-847FB7FAC913}.Release|x86.Build.0 = Release|Any CPU
	EndGlobalSection
	GlobalSection(SolutionProperties) = preSolution
		HideSolutionNode = FALSE
	EndGlobalSection
	GlobalSection(NestedProjects) = preSolution
		{51A7F617-1446-451D-9F20-1813B538BF74} = {2BB8AAF4-4BC7-4CF7-AB03-33E381489CB6}
		{2212C00F-5FF6-45EF-B6E0-AEE7F5A64406} = {2BB8AAF4-4BC7-4CF7-AB03-33E381489CB6}
		{DF869FD1-E855-47AD-90E9-877D06CE71D1} = {2BB8AAF4-4BC7-4CF7-AB03-33E381489CB6}
		{2069B109-F036-4CEB-8503-847FB7FAC913} = {2BB8AAF4-4BC7-4CF7-AB03-33E381489CB6}
	EndGlobalSection
	GlobalSection(ExtensibilityGlobals) = postSolution
		SolutionGuid = {187D6F18-8F63-4EB3-9299-B90D087557AB}
	EndGlobalSection
EndGlobal
